
Microsoft Visual Studio Solution File, Format Version 12.00
# Visual Studio 15
VisualStudioVersion = 15.0.27130.2010
MinimumVisualStudioVersion = 10.0.40219.1
Project("{FAE04EC0-301F-11D3-BF4B-00C04F79EFBC}") = "SportStore", "SportStore\SportStore.csproj", "{1EBFD6A3-422A-4822-92DD-BEAF76BE9FD5}"
EndProject
Global
	GlobalSection(SolutionConfigurationPlatforms) = preSolution
		Debug|Any CPU = Debug|Any CPU
		Release|Any CPU = Release|Any CPU
	EndGlobalSection
	GlobalSection(ProjectConfigurationPlatforms) = postSolution
		{1EBFD6A3-422A-4822-92DD-BEAF76BE9FD5}.Debug|Any CPU.ActiveCfg = Debug|Any CPU
		{1EBFD6A3-422A-4822-92DD-BEAF76BE9FD5}.Debug|Any CPU.Build.0 = Debug|Any CPU
		{1EBFD6A3-422A-4822-92DD-BEAF76BE9FD5}.Release|Any CPU.ActiveCfg = Release|Any CPU
		{1EBFD6A3-422A-4822-92DD-BEAF76BE9FD5}.Release|Any CPU.Build.0 = Release|Any CPU
	EndGlobalSection
	GlobalSection(SolutionProperties) = preSolution
		HideSolutionNode = FALSE
	EndGlobalSection
	GlobalSection(ExtensibilityGlobals) = postSolution
		SolutionGuid = {EF341C5F-41BC-41CE-ABC9-3562EC304910}
	EndGlobalSection
EndGlobal
